
Microsoft Visual Studio Solution File, Format Version 12.00
# Visual Studio Version 17
VisualStudioVersion = 17.4.33213.308
MinimumVisualStudioVersion = 10.0.40219.1
Project("{FAE04EC0-301F-11D3-BF4B-00C04F79EFBC}") = "BT01_Mo_hinh_ngat_ket_noi_sv", "BT01_Mo_hinh_ngat_ket_noi_sv\BT01_Mo_hinh_ngat_ket_noi_sv.csproj", "{13297935-3B0D-4166-BCD6-556D5C0EDAA1}"
EndProject
Project("{FAE04EC0-301F-11D3-BF4B-00C04F79EFBC}") = "BT02_Binding_monhoc", "BT02_Binding_monhoc\BT02_Binding_monhoc.csproj", "{4B7026B1-0FF2-4BA3-9953-4BE68AFF1CB4}"
EndProject
Project("{FAE04EC0-301F-11D3-BF4B-00C04F79EFBC}") = "BT03_Binding_monhoc_Pre", "BT03_Binding_monhoc_Pre\BT03_Binding_monhoc_Pre.csproj", "{23559939-320B-4D5F-AA80-DDE5CA731E9F}"
EndProject
Project("{FAE04EC0-301F-11D3-BF4B-00C04F79EFBC}") = "BT04_BinDing_SinhVien_Controls", "BT04_BinDing_SinhVien_Controls\BT04_BinDing_SinhVien_Controls.csproj", "{74D41A5E-FE01-49B1-904E-13AA7A4A98F0}"
EndProject
Project("{FAE04EC0-301F-11D3-BF4B-00C04F79EFBC}") = "BinDing_SinhVien_Phai", "BinDing_SinhVien_Phai\BinDing_SinhVien_Phai.csproj", "{01F3A2A4-9924-4977-835B-5D8DA5DD8F5F}"
EndProject
Project("{FAE04EC0-301F-11D3-BF4B-00C04F79EFBC}") = "Dataset_CoDinhKieu_MonHoc", "Dataset_CoDinhKieu_MonHoc\Dataset_CoDinhKieu_MonHoc.csproj", "{88A0CF4C-B245-4CF3-89C7-6E4D8258A0C5}"
EndProject
Project("{FAE04EC0-301F-11D3-BF4B-00C04F79EFBC}") = "ThucTap", "ThucTap\ThucTap.csproj", "{23B70539-F84A-494D-BF65-250F608CF890}"
EndProject
Project("{FAE04EC0-301F-11D3-BF4B-00C04F79EFBC}") = "DinhDangLuoi", "DinhDangLuoi\DinhDangLuoi.csproj", "{3A80DCCD-4E58-4FEB-A857-01B5C6B32ED4}"
EndProject
Project("{FAE04EC0-301F-11D3-BF4B-00C04F79EFBC}") = "Luoi_DataGirdView", "Luoi_DataGirdView\Luoi_DataGirdView.csproj", "{A2CA5992-AD75-47BF-867E-4FA91D86D270}"
EndProject
Project("{FAE04EC0-301F-11D3-BF4B-00C04F79EFBC}") = "DataGridView_02", "DataGridView_02\DataGridView_02.csproj", "{433C1A8B-14EC-440B-A1F1-03D487EF60DB}"
EndProject
Project("{FAE04EC0-301F-11D3-BF4B-00C04F79EFBC}") = "Luoi_DataGridView_CSDL", "Luoi_DataGridView_CSDL\Luoi_DataGridView_CSDL.csproj", "{673C1677-AC06-4A9B-B10C-4D8FA1D72129}"
EndProject
Project("{FAE04EC0-301F-11D3-BF4B-00C04F79EFBC}") = "Man_Hinh_Main_Sub", "Man_Hinh_Main_Sub\Man_Hinh_Main_Sub.csproj", "{6AA89D20-DB71-4D40-8153-840136D8244D}"
EndProject
Project("{FAE04EC0-301F-11D3-BF4B-00C04F79EFBC}") = "Luoi_DataGitdView_03", "Luoi_DataGitdView_03\Luoi_DataGitdView_03.csproj", "{E6AEB1CC-1DF1-47F6-88FB-761EBACB0A6C}"
EndProject
Global
	GlobalSection(SolutionConfigurationPlatforms) = preSolution
		Debug|Any CPU = Debug|Any CPU
		Release|Any CPU = Release|Any CPU
	EndGlobalSection
	GlobalSection(ProjectConfigurationPlatforms) = postSolution
		{13297935-3B0D-4166-BCD6-556D5C0EDAA1}.Debug|Any CPU.ActiveCfg = Debug|Any CPU
		{13297935-3B0D-4166-BCD6-556D5C0EDAA1}.Debug|Any CPU.Build.0 = Debug|Any CPU
		{13297935-3B0D-4166-BCD6-556D5C0EDAA1}.Release|Any CPU.ActiveCfg = Release|Any CPU
		{13297935-3B0D-4166-BCD6-556D5C0EDAA1}.Release|Any CPU.Build.0 = Release|Any CPU
		{4B7026B1-0FF2-4BA3-9953-4BE68AFF1CB4}.Debug|Any CPU.ActiveCfg = Debug|Any CPU
		{4B7026B1-0FF2-4BA3-9953-4BE68AFF1CB4}.Debug|Any CPU.Build.0 = Debug|Any CPU
		{4B7026B1-0FF2-4BA3-9953-4BE68AFF1CB4}.Release|Any CPU.ActiveCfg = Release|Any CPU
		{4B7026B1-0FF2-4BA3-9953-4BE68AFF1CB4}.Release|Any CPU.Build.0 = Release|Any CPU
		{23559939-320B-4D5F-AA80-DDE5CA731E9F}.Debug|Any CPU.ActiveCfg = Debug|Any CPU
		{23559939-320B-4D5F-AA80-DDE5CA731E9F}.Debug|Any CPU.Build.0 = Debug|Any CPU
		{23559939-320B-4D5F-AA80-DDE5CA731E9F}.Release|Any CPU.ActiveCfg = Release|Any CPU
		{23559939-320B-4D5F-AA80-DDE5CA731E9F}.Release|Any CPU.Build.0 = Release|Any CPU
		{74D41A5E-FE01-49B1-904E-13AA7A4A98F0}.Debug|Any CPU.ActiveCfg = Debug|Any CPU
		{74D41A5E-FE01-49B1-904E-13AA7A4A98F0}.Debug|Any CPU.Build.0 = Debug|Any CPU
		{74D41A5E-FE01-49B1-904E-13AA7A4A98F0}.Release|Any CPU.ActiveCfg = Release|Any CPU
		{74D41A5E-FE01-49B1-904E-13AA7A4A98F0}.Release|Any CPU.Build.0 = Release|Any CPU
		{01F3A2A4-9924-4977-835B-5D8DA5DD8F5F}.Debug|Any CPU.ActiveCfg = Debug|Any CPU
		{01F3A2A4-9924-4977-835B-5D8DA5DD8F5F}.Debug|Any CPU.Build.0 = Debug|Any CPU
		{01F3A2A4-9924-4977-835B-5D8DA5DD8F5F}.Release|Any CPU.ActiveCfg = Release|Any CPU
		{01F3A2A4-9924-4977-835B-5D8DA5DD8F5F}.Release|Any CPU.Build.0 = Release|Any CPU
		{88A0CF4C-B245-4CF3-89C7-6E4D8258A0C5}.Debug|Any CPU.ActiveCfg = Debug|Any CPU
		{88A0CF4C-B245-4CF3-89C7-6E4D8258A0C5}.Debug|Any CPU.Build.0 = Debug|Any CPU
		{88A0CF4C-B245-4CF3-89C7-6E4D8258A0C5}.Release|Any CPU.ActiveCfg = Release|Any CPU
		{88A0CF4C-B245-4CF3-89C7-6E4D8258A0C5}.Release|Any CPU.Build.0 = Release|Any CPU
		{23B70539-F84A-494D-BF65-250F608CF890}.Debug|Any CPU.ActiveCfg = Debug|Any CPU
		{23B70539-F84A-494D-BF65-250F608CF890}.Debug|Any CPU.Build.0 = Debug|Any CPU
		{23B70539-F84A-494D-BF65-250F608CF890}.Release|Any CPU.ActiveCfg = Release|Any CPU
		{23B70539-F84A-494D-BF65-250F608CF890}.Release|Any CPU.Build.0 = Release|Any CPU
		{3A80DCCD-4E58-4FEB-A857-01B5C6B32ED4}.Debug|Any CPU.ActiveCfg = Debug|Any CPU
		{3A80DCCD-4E58-4FEB-A857-01B5C6B32ED4}.Debug|Any CPU.Build.0 = Debug|Any CPU
		{3A80DCCD-4E58-4FEB-A857-01B5C6B32ED4}.Release|Any CPU.ActiveCfg = Release|Any CPU
		{3A80DCCD-4E58-4FEB-A857-01B5C6B32ED4}.Release|Any CPU.Build.0 = Release|Any CPU
		{A2CA5992-AD75-47BF-867E-4FA91D86D270}.Debug|Any CPU.ActiveCfg = Debug|Any CPU
		{A2CA5992-AD75-47BF-867E-4FA91D86D270}.Debug|Any CPU.Build.0 = Debug|Any CPU
		{A2CA5992-AD75-47BF-867E-4FA91D86D270}.Release|Any CPU.ActiveCfg = Release|Any CPU
		{A2CA5992-AD75-47BF-867E-4FA91D86D270}.Release|Any CPU.Build.0 = Release|Any CPU
		{433C1A8B-14EC-440B-A1F1-03D487EF60DB}.Debug|Any CPU.ActiveCfg = Debug|Any CPU
		{433C1A8B-14EC-440B-A1F1-03D487EF60DB}.Debug|Any CPU.Build.0 = Debug|Any CPU
		{433C1A8B-14EC-440B-A1F1-03D487EF60DB}.Release|Any CPU.ActiveCfg = Release|Any CPU
		{433C1A8B-14EC-440B-A1F1-03D487EF60DB}.Release|Any CPU.Build.0 = Release|Any CPU
		{673C1677-AC06-4A9B-B10C-4D8FA1D72129}.Debug|Any CPU.ActiveCfg = Debug|Any CPU
		{673C1677-AC06-4A9B-B10C-4D8FA1D72129}.Debug|Any CPU.Build.0 = Debug|Any CPU
		{673C1677-AC06-4A9B-B10C-4D8FA1D72129}.Release|Any CPU.ActiveCfg = Release|Any CPU
		{673C1677-AC06-4A9B-B10C-4D8FA1D72129}.Release|Any CPU.Build.0 = Release|Any CPU
		{6AA89D20-DB71-4D40-8153-840136D8244D}.Debug|Any CPU.ActiveCfg = Debug|Any CPU
		{6AA89D20-DB71-4D40-8153-840136D8244D}.Debug|Any CPU.Build.0 = Debug|Any CPU
		{6AA89D20-DB71-4D40-8153-840136D8244D}.Release|Any CPU.ActiveCfg = Release|Any CPU
		{6AA89D20-DB71-4D40-8153-840136D8244D}.Release|Any CPU.Build.0 = Release|Any CPU
		{E6AEB1CC-1DF1-47F6-88FB-761EBACB0A6C}.Debug|Any CPU.ActiveCfg = Debug|Any CPU
		{E6AEB1CC-1DF1-47F6-88FB-761EBACB0A6C}.Debug|Any CPU.Build.0 = Debug|Any CPU
		{E6AEB1CC-1DF1-47F6-88FB-761EBACB0A6C}.Release|Any CPU.ActiveCfg = Release|Any CPU
		{E6AEB1CC-1DF1-47F6-88FB-761EBACB0A6C}.Release|Any CPU.Build.0 = Release|Any CPU
	EndGlobalSection
	GlobalSection(SolutionProperties) = preSolution
		HideSolutionNode = FALSE
	EndGlobalSection
	GlobalSection(ExtensibilityGlobals) = postSolution
		SolutionGuid = {DA591D4E-DB59-4D4F-A35F-F1CFBDBD98B5}
	EndGlobalSection
EndGlobal
