
Microsoft Visual Studio Solution File, Format Version 12.00
# Visual Studio Version 17
VisualStudioVersion = 17.5.33424.131
MinimumVisualStudioVersion = 10.0.40219.1
Project("{FAE04EC0-301F-11D3-BF4B-00C04F79EFBC}") = "Report_1", "Report_1\Report_1.csproj", "{F4FB370F-86BF-43C7-85E0-5462FE0B1E48}"
EndProject
Project("{FAE04EC0-301F-11D3-BF4B-00C04F79EFBC}") = "Report_02", "Report_02\Report_02.csproj", "{FE7C5B4F-1762-4293-BD65-8BCA08D1B940}"
EndProject
Global
	GlobalSection(SolutionConfigurationPlatforms) = preSolution
		Debug|Any CPU = Debug|Any CPU
		Release|Any CPU = Release|Any CPU
	EndGlobalSection
	GlobalSection(ProjectConfigurationPlatforms) = postSolution
		{F4FB370F-86BF-43C7-85E0-5462FE0B1E48}.Debug|Any CPU.ActiveCfg = Debug|Any CPU
		{F4FB370F-86BF-43C7-85E0-5462FE0B1E48}.Debug|Any CPU.Build.0 = Debug|Any CPU
		{F4FB370F-86BF-43C7-85E0-5462FE0B1E48}.Release|Any CPU.ActiveCfg = Release|Any CPU
		{F4FB370F-86BF-43C7-85E0-5462FE0B1E48}.Release|Any CPU.Build.0 = Release|Any CPU
		{FE7C5B4F-1762-4293-BD65-8BCA08D1B940}.Debug|Any CPU.ActiveCfg = Debug|Any CPU
		{FE7C5B4F-1762-4293-BD65-8BCA08D1B940}.Debug|Any CPU.Build.0 = Debug|Any CPU
		{FE7C5B4F-1762-4293-BD65-8BCA08D1B940}.Release|Any CPU.ActiveCfg = Release|Any CPU
		{FE7C5B4F-1762-4293-BD65-8BCA08D1B940}.Release|Any CPU.Build.0 = Release|Any CPU
	EndGlobalSection
	GlobalSection(SolutionProperties) = preSolution
		HideSolutionNode = FALSE
	EndGlobalSection
	GlobalSection(ExtensibilityGlobals) = postSolution
		SolutionGuid = {ABE44E92-59A4-4F6B-BB5C-2D0CBF60C69A}
	EndGlobalSection
EndGlobal
