
Microsoft Visual Studio Solution File, Format Version 12.00
# Visual Studio Version 17
VisualStudioVersion = 17.4.33205.214
MinimumVisualStudioVersion = 10.0.40219.1
Project("{FAE04EC0-301F-11D3-BF4B-00C04F79EFBC}") = "BT_01", "BT_01\BT_01.csproj", "{90F37951-F79A-463A-AC7C-3CC19D4838AF}"
EndProject
Global
	GlobalSection(SolutionConfigurationPlatforms) = preSolution
		Debug|Any CPU = Debug|Any CPU
		Release|Any CPU = Release|Any CPU
	EndGlobalSection
	GlobalSection(ProjectConfigurationPlatforms) = postSolution
		{90F37951-F79A-463A-AC7C-3CC19D4838AF}.Debug|Any CPU.ActiveCfg = Debug|Any CPU
		{90F37951-F79A-463A-AC7C-3CC19D4838AF}.Debug|Any CPU.Build.0 = Debug|Any CPU
		{90F37951-F79A-463A-AC7C-3CC19D4838AF}.Release|Any CPU.ActiveCfg = Release|Any CPU
		{90F37951-F79A-463A-AC7C-3CC19D4838AF}.Release|Any CPU.Build.0 = Release|Any CPU
	EndGlobalSection
	GlobalSection(SolutionProperties) = preSolution
		HideSolutionNode = FALSE
	EndGlobalSection
	GlobalSection(ExtensibilityGlobals) = postSolution
		SolutionGuid = {4960BB28-CE85-49BF-A7B6-F892525F0D81}
	EndGlobalSection
EndGlobal
